
Microsoft Visual Studio Solution File, Format Version 12.00
# Visual Studio 2012
Project("{E24C65DC-7377-472B-9ABA-BC803B73C61A}") = "appWeb6", "http://localhost:49415", "{9F1CE8AD-8CC9-45B7-A27C-F5A052E15257}"
	ProjectSection(WebsiteProperties) = preProject
		UseIISExpress = "true"
		TargetFrameworkMoniker = ".NETFramework,Version%3Dv4.5"
		Debug.AspNetCompiler.VirtualPath = "/localhost_49415"
		Debug.AspNetCompiler.PhysicalPath = "D:\Julian Peker\Html5\peker-html-jquery-ajax\appWeb6\"
		Debug.AspNetCompiler.TargetPath = "PrecompiledWeb\localhost_49415\"
		Debug.AspNetCompiler.Updateable = "true"
		Debug.AspNetCompiler.ForceOverwrite = "true"
		Debug.AspNetCompiler.FixedNames = "false"
		Debug.AspNetCompiler.Debug = "True"
		Release.AspNetCompiler.VirtualPath = "/localhost_49415"
		Release.AspNetCompiler.PhysicalPath = "D:\Julian Peker\Html5\peker-html-jquery-ajax\appWeb6\"
		Release.AspNetCompiler.TargetPath = "PrecompiledWeb\localhost_49415\"
		Release.AspNetCompiler.Updateable = "true"
		Release.AspNetCompiler.ForceOverwrite = "true"
		Release.AspNetCompiler.FixedNames = "false"
		Release.AspNetCompiler.Debug = "False"
		SlnRelativePath = "D:\Julian Peker\Html5\peker-html-jquery-ajax\appWeb6\"
		DefaultWebSiteLanguage = "Visual C#"
	EndProjectSection
EndProject
Global
	GlobalSection(SolutionConfigurationPlatforms) = preSolution
		Debug|Any CPU = Debug|Any CPU
	EndGlobalSection
	GlobalSection(ProjectConfigurationPlatforms) = postSolution
		{9F1CE8AD-8CC9-45B7-A27C-F5A052E15257}.Debug|Any CPU.ActiveCfg = Debug|Any CPU
		{9F1CE8AD-8CC9-45B7-A27C-F5A052E15257}.Debug|Any CPU.Build.0 = Debug|Any CPU
	EndGlobalSection
	GlobalSection(SolutionProperties) = preSolution
		HideSolutionNode = FALSE
	EndGlobalSection
EndGlobal
