
Microsoft Visual Studio Solution File, Format Version 12.00
# Visual Studio 2012
Project("{E24C65DC-7377-472B-9ABA-BC803B73C61A}") = "appWeb1", "..\", "{19E56BDE-A923-41BC-BD4C-E9558B0D2B3D}"
	ProjectSection(WebsiteProperties) = preProject
		TargetFrameworkMoniker = ".NETFramework,Version%3Dv4.5"
		Debug.AspNetCompiler.VirtualPath = "/appWeb1"
		Debug.AspNetCompiler.PhysicalPath = "..\..\appWeb1\"
		Debug.AspNetCompiler.TargetPath = "PrecompiledWeb\appWeb1\"
		Debug.AspNetCompiler.Updateable = "true"
		Debug.AspNetCompiler.ForceOverwrite = "true"
		Debug.AspNetCompiler.FixedNames = "false"
		Debug.AspNetCompiler.Debug = "True"
		Release.AspNetCompiler.VirtualPath = "/appWeb1"
		Release.AspNetCompiler.PhysicalPath = "..\..\appWeb1\"
		Release.AspNetCompiler.TargetPath = "PrecompiledWeb\appWeb1\"
		Release.AspNetCompiler.Updateable = "true"
		Release.AspNetCompiler.ForceOverwrite = "true"
		Release.AspNetCompiler.FixedNames = "false"
		Release.AspNetCompiler.Debug = "False"
		VWDPort = "51198"
	EndProjectSection
EndProject
Global
	GlobalSection(SolutionConfigurationPlatforms) = preSolution
		Debug|Any CPU = Debug|Any CPU
	EndGlobalSection
	GlobalSection(ProjectConfigurationPlatforms) = postSolution
		{19E56BDE-A923-41BC-BD4C-E9558B0D2B3D}.Debug|Any CPU.ActiveCfg = Debug|Any CPU
		{19E56BDE-A923-41BC-BD4C-E9558B0D2B3D}.Debug|Any CPU.Build.0 = Debug|Any CPU
	EndGlobalSection
	GlobalSection(SolutionProperties) = preSolution
		HideSolutionNode = FALSE
	EndGlobalSection
EndGlobal
